
Microsoft Visual Studio Solution File, Format Version 12.00
# Visual Studio 15
VisualStudioVersion = 15.0.27703.2035
MinimumVisualStudioVersion = 10.0.40219.1
Project("{151D2E53-A2C4-4D7D-83FE-D05416EBD58E}") = "AzureResourceGroup1", "AzureResourceGroup1\AzureResourceGroup1.deployproj", "{0A0BD6AF-A09E-4B40-9728-C2274E5A374E}"
EndProject
Global
	GlobalSection(SolutionConfigurationPlatforms) = preSolution
		Debug|Any CPU = Debug|Any CPU
		Release|Any CPU = Release|Any CPU
	EndGlobalSection
	GlobalSection(ProjectConfigurationPlatforms) = postSolution
		{0A0BD6AF-A09E-4B40-9728-C2274E5A374E}.Debug|Any CPU.ActiveCfg = Debug|Any CPU
		{0A0BD6AF-A09E-4B40-9728-C2274E5A374E}.Debug|Any CPU.Build.0 = Debug|Any CPU
		{0A0BD6AF-A09E-4B40-9728-C2274E5A374E}.Release|Any CPU.ActiveCfg = Release|Any CPU
		{0A0BD6AF-A09E-4B40-9728-C2274E5A374E}.Release|Any CPU.Build.0 = Release|Any CPU
	EndGlobalSection
	GlobalSection(SolutionProperties) = preSolution
		HideSolutionNode = FALSE
	EndGlobalSection
	GlobalSection(ExtensibilityGlobals) = postSolution
		SolutionGuid = {22325BE3-E26A-4739-8248-6E86DF774A0D}
	EndGlobalSection
EndGlobal
